// !$*UTF8*$!
{
	archiveVersion = 1;
	classes = {
	};
	objectVersion = 56;
	objects = {

/* Begin PBXBuildFile section */
		716481862B0235110020C704 /* RatatouilleApp.swift in Sources */ = {isa = PBXBuildFile; fileRef = 716481852B0235110020C704 /* RatatouilleApp.swift */; };
		716481882B0235110020C704 /* ContentView.swift in Sources */ = {isa = PBXBuildFile; fileRef = 716481872B0235110020C704 /* ContentView.swift */; };
		7164818A2B0235130020C704 /* Assets.xcassets in Resources */ = {isa = PBXBuildFile; fileRef = 716481892B0235130020C704 /* Assets.xcassets */; };
		7164818D2B0235130020C704 /* Preview Assets.xcassets in Resources */ = {isa = PBXBuildFile; fileRef = 7164818C2B0235130020C704 /* Preview Assets.xcassets */; };
		7164818F2B0235130020C704 /* Persistence.swift in Sources */ = {isa = PBXBuildFile; fileRef = 7164818E2B0235130020C704 /* Persistence.swift */; };
		716481922B0235130020C704 /* Ratatouille.xcdatamodeld in Sources */ = {isa = PBXBuildFile; fileRef = 716481902B0235130020C704 /* Ratatouille.xcdatamodeld */; };
		7164819C2B0235130020C704 /* RatatouilleTests.swift in Sources */ = {isa = PBXBuildFile; fileRef = 7164819B2B0235130020C704 /* RatatouilleTests.swift */; };
		716481A62B0235130020C704 /* RatatouilleUITests.swift in Sources */ = {isa = PBXBuildFile; fileRef = 716481A52B0235130020C704 /* RatatouilleUITests.swift */; };
		716481A82B0235130020C704 /* RatatouilleUITestsLaunchTests.swift in Sources */ = {isa = PBXBuildFile; fileRef = 716481A72B0235130020C704 /* RatatouilleUITestsLaunchTests.swift */; };
		716D14092B0BD1AA00BB1DF3 /* ComicNeue-Regular.ttf in Resources */ = {isa = PBXBuildFile; fileRef = 716D14082B0BD1AA00BB1DF3 /* ComicNeue-Regular.ttf */; };
		716D140B2B0BD1D600BB1DF3 /* ComicNeue-Italic.ttf in Resources */ = {isa = PBXBuildFile; fileRef = 716D140A2B0BD1D600BB1DF3 /* ComicNeue-Italic.ttf */; };
		716D140E2B0BD4DD00BB1DF3 /* ComicNeue-BoldItalic.ttf in Resources */ = {isa = PBXBuildFile; fileRef = 716D140D2B0BD4DD00BB1DF3 /* ComicNeue-BoldItalic.ttf */; };
		716D14142B0BD7BA00BB1DF3 /* ComicNeue-Bold.ttf in Resources */ = {isa = PBXBuildFile; fileRef = 716D14112B0BD7BA00BB1DF3 /* ComicNeue-Bold.ttf */; };
		716D14152B0BD7BA00BB1DF3 /* ComicNeue-Light.ttf in Resources */ = {isa = PBXBuildFile; fileRef = 716D14122B0BD7BA00BB1DF3 /* ComicNeue-Light.ttf */; };
		716D14162B0BD7BA00BB1DF3 /* ComicNeue-LightItalic.ttf in Resources */ = {isa = PBXBuildFile; fileRef = 716D14132B0BD7BA00BB1DF3 /* ComicNeue-LightItalic.ttf */; };
		716D14192B0BD92100BB1DF3 /* CustomFonts.swift in Sources */ = {isa = PBXBuildFile; fileRef = 716D14182B0BD92100BB1DF3 /* CustomFonts.swift */; };
		716D141B2B0BDF4A00BB1DF3 /* CustomColor.swift in Sources */ = {isa = PBXBuildFile; fileRef = 716D141A2B0BDF4A00BB1DF3 /* CustomColor.swift */; };
/* End PBXBuildFile section */

/* Begin PBXContainerItemProxy section */
		716481982B0235130020C704 /* PBXContainerItemProxy */ = {
			isa = PBXContainerItemProxy;
			containerPortal = 7164817A2B0235110020C704 /* Project object */;
			proxyType = 1;
			remoteGlobalIDString = 716481812B0235110020C704;
			remoteInfo = Ratatouille;
		};
		716481A22B0235130020C704 /* PBXContainerItemProxy */ = {
			isa = PBXContainerItemProxy;
			containerPortal = 7164817A2B0235110020C704 /* Project object */;
			proxyType = 1;
			remoteGlobalIDString = 716481812B0235110020C704;
			remoteInfo = Ratatouille;
		};
/* End PBXContainerItemProxy section */

/* Begin PBXFileReference section */
		716481822B0235110020C704 /* Ratatouille.app */ = {isa = PBXFileReference; explicitFileType = wrapper.application; includeInIndex = 0; path = Ratatouille.app; sourceTree = BUILT_PRODUCTS_DIR; };
		716481852B0235110020C704 /* RatatouilleApp.swift */ = {isa = PBXFileReference; lastKnownFileType = sourcecode.swift; path = RatatouilleApp.swift; sourceTree = "<group>"; };
		716481872B0235110020C704 /* ContentView.swift */ = {isa = PBXFileReference; lastKnownFileType = sourcecode.swift; path = ContentView.swift; sourceTree = "<group>"; };
		716481892B0235130020C704 /* Assets.xcassets */ = {isa = PBXFileReference; lastKnownFileType = folder.assetcatalog; path = Assets.xcassets; sourceTree = "<group>"; };
		7164818C2B0235130020C704 /* Preview Assets.xcassets */ = {isa = PBXFileReference; lastKnownFileType = folder.assetcatalog; path = "Preview Assets.xcassets"; sourceTree = "<group>"; };
		7164818E2B0235130020C704 /* Persistence.swift */ = {isa = PBXFileReference; lastKnownFileType = sourcecode.swift; path = Persistence.swift; sourceTree = "<group>"; };
		716481912B0235130020C704 /* Ratatouille.xcdatamodel */ = {isa = PBXFileReference; lastKnownFileType = wrapper.xcdatamodel; path = Ratatouille.xcdatamodel; sourceTree = "<group>"; };
		716481972B0235130020C704 /* RatatouilleTests.xctest */ = {isa = PBXFileReference; explicitFileType = wrapper.cfbundle; includeInIndex = 0; path = RatatouilleTests.xctest; sourceTree = BUILT_PRODUCTS_DIR; };
		7164819B2B0235130020C704 /* RatatouilleTests.swift */ = {isa = PBXFileReference; lastKnownFileType = sourcecode.swift; path = RatatouilleTests.swift; sourceTree = "<group>"; };
		716481A12B0235130020C704 /* RatatouilleUITests.xctest */ = {isa = PBXFileReference; explicitFileType = wrapper.cfbundle; includeInIndex = 0; path = RatatouilleUITests.xctest; sourceTree = BUILT_PRODUCTS_DIR; };
		716481A52B0235130020C704 /* RatatouilleUITests.swift */ = {isa = PBXFileReference; lastKnownFileType = sourcecode.swift; path = RatatouilleUITests.swift; sourceTree = "<group>"; };
		716481A72B0235130020C704 /* RatatouilleUITestsLaunchTests.swift */ = {isa = PBXFileReference; lastKnownFileType = sourcecode.swift; path = RatatouilleUITestsLaunchTests.swift; sourceTree = "<group>"; };
		716D14082B0BD1AA00BB1DF3 /* ComicNeue-Regular.ttf */ = {isa = PBXFileReference; lastKnownFileType = file; path = "ComicNeue-Regular.ttf"; sourceTree = "<group>"; };
		716D140A2B0BD1D600BB1DF3 /* ComicNeue-Italic.ttf */ = {isa = PBXFileReference; lastKnownFileType = file; path = "ComicNeue-Italic.ttf"; sourceTree = "<group>"; };
		716D140C2B0BD1EA00BB1DF3 /* Info.plist */ = {isa = PBXFileReference; lastKnownFileType = text.plist; path = Info.plist; sourceTree = "<group>"; };
		716D140D2B0BD4DD00BB1DF3 /* ComicNeue-BoldItalic.ttf */ = {isa = PBXFileReference; lastKnownFileType = file; path = "ComicNeue-BoldItalic.ttf"; sourceTree = "<group>"; };
		716D14112B0BD7BA00BB1DF3 /* ComicNeue-Bold.ttf */ = {isa = PBXFileReference; lastKnownFileType = file; path = "ComicNeue-Bold.ttf"; sourceTree = "<group>"; };
		716D14122B0BD7BA00BB1DF3 /* ComicNeue-Light.ttf */ = {isa = PBXFileReference; lastKnownFileType = file; path = "ComicNeue-Light.ttf"; sourceTree = "<group>"; };
		716D14132B0BD7BA00BB1DF3 /* ComicNeue-LightItalic.ttf */ = {isa = PBXFileReference; lastKnownFileType = file; path = "ComicNeue-LightItalic.ttf"; sourceTree = "<group>"; };
		716D14182B0BD92100BB1DF3 /* CustomFonts.swift */ = {isa = PBXFileReference; lastKnownFileType = sourcecode.swift; path = CustomFonts.swift; sourceTree = "<group>"; };
		716D141A2B0BDF4A00BB1DF3 /* CustomColor.swift */ = {isa = PBXFileReference; lastKnownFileType = sourcecode.swift; path = CustomColor.swift; sourceTree = "<group>"; };
/* End PBXFileReference section */

/* Begin PBXFrameworksBuildPhase section */
		7164817F2B0235110020C704 /* Frameworks */ = {
			isa = PBXFrameworksBuildPhase;
			buildActionMask = 2147483647;
			files = (
			);
			runOnlyForDeploymentPostprocessing = 0;
		};
		716481942B0235130020C704 /* Frameworks */ = {
			isa = PBXFrameworksBuildPhase;
			buildActionMask = 2147483647;
			files = (
			);
			runOnlyForDeploymentPostprocessing = 0;
		};
		7164819E2B0235130020C704 /* Frameworks */ = {
			isa = PBXFrameworksBuildPhase;
			buildActionMask = 2147483647;
			files = (
			);
			runOnlyForDeploymentPostprocessing = 0;
		};
/* End PBXFrameworksBuildPhase section */

/* Begin PBXGroup section */
		716481792B0235110020C704 = {
			isa = PBXGroup;
			children = (
				716481842B0235110020C704 /* Ratatouille */,
				7164819A2B0235130020C704 /* RatatouilleTests */,
				716481A42B0235130020C704 /* RatatouilleUITests */,
				716481832B0235110020C704 /* Products */,
			);
			sourceTree = "<group>";
		};
		716481832B0235110020C704 /* Products */ = {
			isa = PBXGroup;
			children = (
				716481822B0235110020C704 /* Ratatouille.app */,
				716481972B0235130020C704 /* RatatouilleTests.xctest */,
				716481A12B0235130020C704 /* RatatouilleUITests.xctest */,
			);
			name = Products;
			sourceTree = "<group>";
		};
		716481842B0235110020C704 /* Ratatouille */ = {
			isa = PBXGroup;
			children = (
				716D140C2B0BD1EA00BB1DF3 /* Info.plist */,
				716D14172B0BD82600BB1DF3 /* DesignSystem */,
				716481852B0235110020C704 /* RatatouilleApp.swift */,
				716481872B0235110020C704 /* ContentView.swift */,
				7164818E2B0235130020C704 /* Persistence.swift */,
				716481902B0235130020C704 /* Ratatouille.xcdatamodeld */,
				7164818B2B0235130020C704 /* Preview Content */,
			);
			path = Ratatouille;
			sourceTree = "<group>";
		};
		7164818B2B0235130020C704 /* Preview Content */ = {
			isa = PBXGroup;
			children = (
				7164818C2B0235130020C704 /* Preview Assets.xcassets */,
			);
			path = "Preview Content";
			sourceTree = "<group>";
		};
		7164819A2B0235130020C704 /* RatatouilleTests */ = {
			isa = PBXGroup;
			children = (
				7164819B2B0235130020C704 /* RatatouilleTests.swift */,
			);
			path = RatatouilleTests;
			sourceTree = "<group>";
		};
		716481A42B0235130020C704 /* RatatouilleUITests */ = {
			isa = PBXGroup;
			children = (
				716481A52B0235130020C704 /* RatatouilleUITests.swift */,
				716481A72B0235130020C704 /* RatatouilleUITestsLaunchTests.swift */,
			);
			path = RatatouilleUITests;
			sourceTree = "<group>";
		};
		716D14072B0BD18B00BB1DF3 /* Font */ = {
			isa = PBXGroup;
			children = (
				716D140D2B0BD4DD00BB1DF3 /* ComicNeue-BoldItalic.ttf */,
				716D140A2B0BD1D600BB1DF3 /* ComicNeue-Italic.ttf */,
				716D14082B0BD1AA00BB1DF3 /* ComicNeue-Regular.ttf */,
				716D14112B0BD7BA00BB1DF3 /* ComicNeue-Bold.ttf */,
				716D14122B0BD7BA00BB1DF3 /* ComicNeue-Light.ttf */,
				716D14132B0BD7BA00BB1DF3 /* ComicNeue-LightItalic.ttf */,
			);
			path = Font;
			sourceTree = "<group>";
		};
		716D14172B0BD82600BB1DF3 /* DesignSystem */ = {
			isa = PBXGroup;
			children = (
				716481892B0235130020C704 /* Assets.xcassets */,
				716D14072B0BD18B00BB1DF3 /* Font */,
				716D14182B0BD92100BB1DF3 /* CustomFonts.swift */,
				716D141A2B0BDF4A00BB1DF3 /* CustomColor.swift */,
			);
			path = DesignSystem;
			sourceTree = "<group>";
		};
/* End PBXGroup section */

/* Begin PBXNativeTarget section */
		716481812B0235110020C704 /* Ratatouille */ = {
			isa = PBXNativeTarget;
			buildConfigurationList = 716481AB2B0235130020C704 /* Build configuration list for PBXNativeTarget "Ratatouille" */;
			buildPhases = (
				7164817E2B0235110020C704 /* Sources */,
				7164817F2B0235110020C704 /* Frameworks */,
				716481802B0235110020C704 /* Resources */,
			);
			buildRules = (
			);
			dependencies = (
			);
			name = Ratatouille;
			productName = Ratatouille;
			productReference = 716481822B0235110020C704 /* Ratatouille.app */;
			productType = "com.apple.product-type.application";
		};
		716481962B0235130020C704 /* RatatouilleTests */ = {
			isa = PBXNativeTarget;
			buildConfigurationList = 716481AE2B0235130020C704 /* Build configuration list for PBXNativeTarget "RatatouilleTests" */;
			buildPhases = (
				716481932B0235130020C704 /* Sources */,
				716481942B0235130020C704 /* Frameworks */,
				716481952B0235130020C704 /* Resources */,
			);
			buildRules = (
			);
			dependencies = (
				716481992B0235130020C704 /* PBXTargetDependency */,
			);
			name = RatatouilleTests;
			productName = RatatouilleTests;
			productReference = 716481972B0235130020C704 /* RatatouilleTests.xctest */;
			productType = "com.apple.product-type.bundle.unit-test";
		};
		716481A02B0235130020C704 /* RatatouilleUITests */ = {
			isa = PBXNativeTarget;
			buildConfigurationList = 716481B12B0235130020C704 /* Build configuration list for PBXNativeTarget "RatatouilleUITests" */;
			buildPhases = (
				7164819D2B0235130020C704 /* Sources */,
				7164819E2B0235130020C704 /* Frameworks */,
				7164819F2B0235130020C704 /* Resources */,
			);
			buildRules = (
			);
			dependencies = (
				716481A32B0235130020C704 /* PBXTargetDependency */,
			);
			name = RatatouilleUITests;
			productName = RatatouilleUITests;
			productReference = 716481A12B0235130020C704 /* RatatouilleUITests.xctest */;
			productType = "com.apple.product-type.bundle.ui-testing";
		};
/* End PBXNativeTarget section */

/* Begin PBXProject section */
		7164817A2B0235110020C704 /* Project object */ = {
			isa = PBXProject;
			attributes = {
				BuildIndependentTargetsInParallel = 1;
				LastSwiftUpdateCheck = 1430;
				LastUpgradeCheck = 1430;
				TargetAttributes = {
					716481812B0235110020C704 = {
						CreatedOnToolsVersion = 14.3.1;
					};
					716481962B0235130020C704 = {
						CreatedOnToolsVersion = 14.3.1;
						TestTargetID = 716481812B0235110020C704;
					};
					716481A02B0235130020C704 = {
						CreatedOnToolsVersion = 14.3.1;
						TestTargetID = 716481812B0235110020C704;
					};
				};
			};
			buildConfigurationList = 7164817D2B0235110020C704 /* Build configuration list for PBXProject "Ratatouille" */;
			compatibilityVersion = "Xcode 14.0";
			developmentRegion = en;
			hasScannedForEncodings = 0;
			knownRegions = (
				en,
				Base,
			);
			mainGroup = 716481792B0235110020C704;
			productRefGroup = 716481832B0235110020C704 /* Products */;
			projectDirPath = "";
			projectRoot = "";
			targets = (
				716481812B0235110020C704 /* Ratatouille */,
				716481962B0235130020C704 /* RatatouilleTests */,
				716481A02B0235130020C704 /* RatatouilleUITests */,
			);
		};
/* End PBXProject section */

/* Begin PBXResourcesBuildPhase section */
		716481802B0235110020C704 /* Resources */ = {
			isa = PBXResourcesBuildPhase;
			buildActionMask = 2147483647;
			files = (
				716D14162B0BD7BA00BB1DF3 /* ComicNeue-LightItalic.ttf in Resources */,
				716D14142B0BD7BA00BB1DF3 /* ComicNeue-Bold.ttf in Resources */,
				716D140E2B0BD4DD00BB1DF3 /* ComicNeue-BoldItalic.ttf in Resources */,
				7164818D2B0235130020C704 /* Preview Assets.xcassets in Resources */,
				7164818A2B0235130020C704 /* Assets.xcassets in Resources */,
				716D14092B0BD1AA00BB1DF3 /* ComicNeue-Regular.ttf in Resources */,
				716D140B2B0BD1D600BB1DF3 /* ComicNeue-Italic.ttf in Resources */,
				716D14152B0BD7BA00BB1DF3 /* ComicNeue-Light.ttf in Resources */,
			);
			runOnlyForDeploymentPostprocessing = 0;
		};
		716481952B0235130020C704 /* Resources */ = {
			isa = PBXResourcesBuildPhase;
			buildActionMask = 2147483647;
			files = (
			);
			runOnlyForDeploymentPostprocessing = 0;
		};
		7164819F2B0235130020C704 /* Resources */ = {
			isa = PBXResourcesBuildPhase;
			buildActionMask = 2147483647;
			files = (
			);
			runOnlyForDeploymentPostprocessing = 0;
		};
/* End PBXResourcesBuildPhase section */

/* Begin PBXSourcesBuildPhase section */
		7164817E2B0235110020C704 /* Sources */ = {
			isa = PBXSourcesBuildPhase;
			buildActionMask = 2147483647;
			files = (
				7164818F2B0235130020C704 /* Persistence.swift in Sources */,
				716481882B0235110020C704 /* ContentView.swift in Sources */,
				716D141B2B0BDF4A00BB1DF3 /* CustomColor.swift in Sources */,
				716D14192B0BD92100BB1DF3 /* CustomFonts.swift in Sources */,
				716481922B0235130020C704 /* Ratatouille.xcdatamodeld in Sources */,
				716481862B0235110020C704 /* RatatouilleApp.swift in Sources */,
			);
			runOnlyForDeploymentPostprocessing = 0;
		};
		716481932B0235130020C704 /* Sources */ = {
			isa = PBXSourcesBuildPhase;
			buildActionMask = 2147483647;
			files = (
				7164819C2B0235130020C704 /* RatatouilleTests.swift in Sources */,
			);
			runOnlyForDeploymentPostprocessing = 0;
		};
		7164819D2B0235130020C704 /* Sources */ = {
			isa = PBXSourcesBuildPhase;
			buildActionMask = 2147483647;
			files = (
				716481A62B0235130020C704 /* RatatouilleUITests.swift in Sources */,
				716481A82B0235130020C704 /* RatatouilleUITestsLaunchTests.swift in Sources */,
			);
			runOnlyForDeploymentPostprocessing = 0;
		};
/* End PBXSourcesBuildPhase section */

/* Begin PBXTargetDependency section */
		716481992B0235130020C704 /* PBXTargetDependency */ = {
			isa = PBXTargetDependency;
			target = 716481812B0235110020C704 /* Ratatouille */;
			targetProxy = 716481982B0235130020C704 /* PBXContainerItemProxy */;
		};
		716481A32B0235130020C704 /* PBXTargetDependency */ = {
			isa = PBXTargetDependency;
			target = 716481812B0235110020C704 /* Ratatouille */;
			targetProxy = 716481A22B0235130020C704 /* PBXContainerItemProxy */;
		};
/* End PBXTargetDependency section */

/* Begin XCBuildConfiguration section */
		716481A92B0235130020C704 /* Debug */ = {
			isa = XCBuildConfiguration;
			buildSettings = {
				ALWAYS_SEARCH_USER_PATHS = NO;
				CLANG_ANALYZER_NONNULL = YES;
				CLANG_ANALYZER_NUMBER_OBJECT_CONVERSION = YES_AGGRESSIVE;
				CLANG_CXX_LANGUAGE_STANDARD = "gnu++20";
				CLANG_ENABLE_MODULES = YES;
				CLANG_ENABLE_OBJC_ARC = YES;
				CLANG_ENABLE_OBJC_WEAK = YES;
				CLANG_WARN_BLOCK_CAPTURE_AUTORELEASING = YES;
				CLANG_WARN_BOOL_CONVERSION = YES;
				CLANG_WARN_COMMA = YES;
				CLANG_WARN_CONSTANT_CONVERSION = YES;
				CLANG_WARN_DEPRECATED_OBJC_IMPLEMENTATIONS = YES;
				CLANG_WARN_DIRECT_OBJC_ISA_USAGE = YES_ERROR;
				CLANG_WARN_DOCUMENTATION_COMMENTS = YES;
				CLANG_WARN_EMPTY_BODY = YES;
				CLANG_WARN_ENUM_CONVERSION = YES;
				CLANG_WARN_INFINITE_RECURSION = YES;
				CLANG_WARN_INT_CONVERSION = YES;
				CLANG_WARN_NON_LITERAL_NULL_CONVERSION = YES;
				CLANG_WARN_OBJC_IMPLICIT_RETAIN_SELF = YES;
				CLANG_WARN_OBJC_LITERAL_CONVERSION = YES;
				CLANG_WARN_OBJC_ROOT_CLASS = YES_ERROR;
				CLANG_WARN_QUOTED_INCLUDE_IN_FRAMEWORK_HEADER = YES;
				CLANG_WARN_RANGE_LOOP_ANALYSIS = YES;
				CLANG_WARN_STRICT_PROTOTYPES = YES;
				CLANG_WARN_SUSPICIOUS_MOVE = YES;
				CLANG_WARN_UNGUARDED_AVAILABILITY = YES_AGGRESSIVE;
				CLANG_WARN_UNREACHABLE_CODE = YES;
				CLANG_WARN__DUPLICATE_METHOD_MATCH = YES;
				COPY_PHASE_STRIP = NO;
				DEBUG_INFORMATION_FORMAT = dwarf;
				ENABLE_STRICT_OBJC_MSGSEND = YES;
				ENABLE_TESTABILITY = YES;
				GCC_C_LANGUAGE_STANDARD = gnu11;
				GCC_DYNAMIC_NO_PIC = NO;
				GCC_NO_COMMON_BLOCKS = YES;
				GCC_OPTIMIZATION_LEVEL = 0;
				GCC_PREPROCESSOR_DEFINITIONS = (
					"DEBUG=1",
					"$(inherited)",
				);
				GCC_WARN_64_TO_32_BIT_CONVERSION = YES;
				GCC_WARN_ABOUT_RETURN_TYPE = YES_ERROR;
				GCC_WARN_UNDECLARED_SELECTOR = YES;
				GCC_WARN_UNINITIALIZED_AUTOS = YES_AGGRESSIVE;
				GCC_WARN_UNUSED_FUNCTION = YES;
				GCC_WARN_UNUSED_VARIABLE = YES;
				IPHONEOS_DEPLOYMENT_TARGET = 16.4;
				MTL_ENABLE_DEBUG_INFO = INCLUDE_SOURCE;
				MTL_FAST_MATH = YES;
				ONLY_ACTIVE_ARCH = YES;
				SDKROOT = iphoneos;
				SWIFT_ACTIVE_COMPILATION_CONDITIONS = DEBUG;
				SWIFT_OPTIMIZATION_LEVEL = "-Onone";
			};
			name = Debug;
		};
		716481AA2B0235130020C704 /* Release */ = {
			isa = XCBuildConfiguration;
			buildSettings = {
				ALWAYS_SEARCH_USER_PATHS = NO;
				CLANG_ANALYZER_NONNULL = YES;
				CLANG_ANALYZER_NUMBER_OBJECT_CONVERSION = YES_AGGRESSIVE;
				CLANG_CXX_LANGUAGE_STANDARD = "gnu++20";
				CLANG_ENABLE_MODULES = YES;
				CLANG_ENABLE_OBJC_ARC = YES;
				CLANG_ENABLE_OBJC_WEAK = YES;
				CLANG_WARN_BLOCK_CAPTURE_AUTORELEASING = YES;
				CLANG_WARN_BOOL_CONVERSION = YES;
				CLANG_WARN_COMMA = YES;
				CLANG_WARN_CONSTANT_CONVERSION = YES;
				CLANG_WARN_DEPRECATED_OBJC_IMPLEMENTATIONS = YES;
				CLANG_WARN_DIRECT_OBJC_ISA_USAGE = YES_ERROR;
				CLANG_WARN_DOCUMENTATION_COMMENTS = YES;
				CLANG_WARN_EMPTY_BODY = YES;
				CLANG_WARN_ENUM_CONVERSION = YES;
				CLANG_WARN_INFINITE_RECURSION = YES;
				CLANG_WARN_INT_CONVERSION = YES;
				CLANG_WARN_NON_LITERAL_NULL_CONVERSION = YES;
				CLANG_WARN_OBJC_IMPLICIT_RETAIN_SELF = YES;
				CLANG_WARN_OBJC_LITERAL_CONVERSION = YES;
				CLANG_WARN_OBJC_ROOT_CLASS = YES_ERROR;
				CLANG_WARN_QUOTED_INCLUDE_IN_FRAMEWORK_HEADER = YES;
				CLANG_WARN_RANGE_LOOP_ANALYSIS = YES;
				CLANG_WARN_STRICT_PROTOTYPES = YES;
				CLANG_WARN_SUSPICIOUS_MOVE = YES;
				CLANG_WARN_UNGUARDED_AVAILABILITY = YES_AGGRESSIVE;
				CLANG_WARN_UNREACHABLE_CODE = YES;
				CLANG_WARN__DUPLICATE_METHOD_MATCH = YES;
				COPY_PHASE_STRIP = NO;
				DEBUG_INFORMATION_FORMAT = "dwarf-with-dsym";
				ENABLE_NS_ASSERTIONS = NO;
				ENABLE_STRICT_OBJC_MSGSEND = YES;
				GCC_C_LANGUAGE_STANDARD = gnu11;
				GCC_NO_COMMON_BLOCKS = YES;
				GCC_WARN_64_TO_32_BIT_CONVERSION = YES;
				GCC_WARN_ABOUT_RETURN_TYPE = YES_ERROR;
				GCC_WARN_UNDECLARED_SELECTOR = YES;
				GCC_WARN_UNINITIALIZED_AUTOS = YES_AGGRESSIVE;
				GCC_WARN_UNUSED_FUNCTION = YES;
				GCC_WARN_UNUSED_VARIABLE = YES;
				IPHONEOS_DEPLOYMENT_TARGET = 16.4;
				MTL_ENABLE_DEBUG_INFO = NO;
				MTL_FAST_MATH = YES;
				SDKROOT = iphoneos;
				SWIFT_COMPILATION_MODE = wholemodule;
				SWIFT_OPTIMIZATION_LEVEL = "-O";
				VALIDATE_PRODUCT = YES;
			};
			name = Release;
		};
		716481AC2B0235130020C704 /* Debug */ = {
			isa = XCBuildConfiguration;
			buildSettings = {
				ASSETCATALOG_COMPILER_APPICON_NAME = AppIcon;
				ASSETCATALOG_COMPILER_GLOBAL_ACCENT_COLOR_NAME = AccentColor;
				CODE_SIGN_STYLE = Automatic;
				CURRENT_PROJECT_VERSION = 1;
				DEVELOPMENT_ASSET_PATHS = "\"Ratatouille/Preview Content\"";
				DEVELOPMENT_TEAM = L2T72MFL99;
				ENABLE_PREVIEWS = YES;
				GENERATE_INFOPLIST_FILE = YES;
				INFOPLIST_FILE = Ratatouille/Info.plist;
				INFOPLIST_KEY_UIApplicationSceneManifest_Generation = YES;
				INFOPLIST_KEY_UIApplicationSupportsIndirectInputEvents = YES;
				INFOPLIST_KEY_UILaunchScreen_Generation = YES;
				INFOPLIST_KEY_UISupportedInterfaceOrientations_iPad = "UIInterfaceOrientationPortrait UIInterfaceOrientationPortraitUpsideDown UIInterfaceOrientationLandscapeLeft UIInterfaceOrientationLandscapeRight";
				INFOPLIST_KEY_UISupportedInterfaceOrientations_iPhone = "UIInterfaceOrientationPortrait UIInterfaceOrientationLandscapeLeft UIInterfaceOrientationLandscapeRight";
				LD_RUNPATH_SEARCH_PATHS = (
					"$(inherited)",
					"@executable_path/Frameworks",
				);
				MARKETING_VERSION = 1.0;
				PRODUCT_BUNDLE_IDENTIFIER = com.rinseo.Ratatouille;
				PRODUCT_NAME = "$(TARGET_NAME)";
				SWIFT_EMIT_LOC_STRINGS = YES;
				SWIFT_VERSION = 5.0;
				TARGETED_DEVICE_FAMILY = "1,2";
			};
			name = Debug;
		};
		716481AD2B0235130020C704 /* Release */ = {
			isa = XCBuildConfiguration;
			buildSettings = {
				ASSETCATALOG_COMPILER_APPICON_NAME = AppIcon;
				ASSETCATALOG_COMPILER_GLOBAL_ACCENT_COLOR_NAME = AccentColor;
				CODE_SIGN_STYLE = Automatic;
				CURRENT_PROJECT_VERSION = 1;
				DEVELOPMENT_ASSET_PATHS = "\"Ratatouille/Preview Content\"";
				DEVELOPMENT_TEAM = L2T72MFL99;
				ENABLE_PREVIEWS = YES;
				GENERATE_INFOPLIST_FILE = YES;
				INFOPLIST_FILE = Ratatouille/Info.plist;
				INFOPLIST_KEY_UIApplicationSceneManifest_Generation = YES;
				INFOPLIST_KEY_UIApplicationSupportsIndirectInputEvents = YES;
				INFOPLIST_KEY_UILaunchScreen_Generation = YES;
				INFOPLIST_KEY_UISupportedInterfaceOrientations_iPad = "UIInterfaceOrientationPortrait UIInterfaceOrientationPortraitUpsideDown UIInterfaceOrientationLandscapeLeft UIInterfaceOrientationLandscapeRight";
				INFOPLIST_KEY_UISupportedInterfaceOrientations_iPhone = "UIInterfaceOrientationPortrait UIInterfaceOrientationLandscapeLeft UIInterfaceOrientationLandscapeRight";
				LD_RUNPATH_SEARCH_PATHS = (
					"$(inherited)",
					"@executable_path/Frameworks",
				);
				MARKETING_VERSION = 1.0;
				PRODUCT_BUNDLE_IDENTIFIER = com.rinseo.Ratatouille;
				PRODUCT_NAME = "$(TARGET_NAME)";
				SWIFT_EMIT_LOC_STRINGS = YES;
				SWIFT_VERSION = 5.0;
				TARGETED_DEVICE_FAMILY = "1,2";
			};
			name = Release;
		};
		716481AF2B0235130020C704 /* Debug */ = {
			isa = XCBuildConfiguration;
			buildSettings = {
				ALWAYS_EMBED_SWIFT_STANDARD_LIBRARIES = YES;
				BUNDLE_LOADER = "$(TEST_HOST)";
				CODE_SIGN_STYLE = Automatic;
				CURRENT_PROJECT_VERSION = 1;
				GENERATE_INFOPLIST_FILE = YES;
				IPHONEOS_DEPLOYMENT_TARGET = 16.4;
				MARKETING_VERSION = 1.0;
				PRODUCT_BUNDLE_IDENTIFIER = com.rinseo.RatatouilleTests;
				PRODUCT_NAME = "$(TARGET_NAME)";
				SWIFT_EMIT_LOC_STRINGS = NO;
				SWIFT_VERSION = 5.0;
				TARGETED_DEVICE_FAMILY = "1,2";
				TEST_HOST = "$(BUILT_PRODUCTS_DIR)/Ratatouille.app/$(BUNDLE_EXECUTABLE_FOLDER_PATH)/Ratatouille";
			};
			name = Debug;
		};
		716481B02B0235130020C704 /* Release */ = {
			isa = XCBuildConfiguration;
			buildSettings = {
				ALWAYS_EMBED_SWIFT_STANDARD_LIBRARIES = YES;
				BUNDLE_LOADER = "$(TEST_HOST)";
				CODE_SIGN_STYLE = Automatic;
				CURRENT_PROJECT_VERSION = 1;
				GENERATE_INFOPLIST_FILE = YES;
				IPHONEOS_DEPLOYMENT_TARGET = 16.4;
				MARKETING_VERSION = 1.0;
				PRODUCT_BUNDLE_IDENTIFIER = com.rinseo.RatatouilleTests;
				PRODUCT_NAME = "$(TARGET_NAME)";
				SWIFT_EMIT_LOC_STRINGS = NO;
				SWIFT_VERSION = 5.0;
				TARGETED_DEVICE_FAMILY = "1,2";
				TEST_HOST = "$(BUILT_PRODUCTS_DIR)/Ratatouille.app/$(BUNDLE_EXECUTABLE_FOLDER_PATH)/Ratatouille";
			};
			name = Release;
		};
		716481B22B0235130020C704 /* Debug */ = {
			isa = XCBuildConfiguration;
			buildSettings = {
				ALWAYS_EMBED_SWIFT_STANDARD_LIBRARIES = YES;
				CODE_SIGN_STYLE = Automatic;
				CURRENT_PROJECT_VERSION = 1;
				GENERATE_INFOPLIST_FILE = YES;
				MARKETING_VERSION = 1.0;
				PRODUCT_BUNDLE_IDENTIFIER = com.rinseo.RatatouilleUITests;
				PRODUCT_NAME = "$(TARGET_NAME)";
				SWIFT_EMIT_LOC_STRINGS = NO;
				SWIFT_VERSION = 5.0;
				TARGETED_DEVICE_FAMILY = "1,2";
				TEST_TARGET_NAME = Ratatouille;
			};
			name = Debug;
		};
		716481B32B0235130020C704 /* Release */ = {
			isa = XCBuildConfiguration;
			buildSettings = {
				ALWAYS_EMBED_SWIFT_STANDARD_LIBRARIES = YES;
				CODE_SIGN_STYLE = Automatic;
				CURRENT_PROJECT_VERSION = 1;
				GENERATE_INFOPLIST_FILE = YES;
				MARKETING_VERSION = 1.0;
				PRODUCT_BUNDLE_IDENTIFIER = com.rinseo.RatatouilleUITests;
				PRODUCT_NAME = "$(TARGET_NAME)";
				SWIFT_EMIT_LOC_STRINGS = NO;
				SWIFT_VERSION = 5.0;
				TARGETED_DEVICE_FAMILY = "1,2";
				TEST_TARGET_NAME = Ratatouille;
			};
			name = Release;
		};
/* End XCBuildConfiguration section */

/* Begin XCConfigurationList section */
		7164817D2B0235110020C704 /* Build configuration list for PBXProject "Ratatouille" */ = {
			isa = XCConfigurationList;
			buildConfigurations = (
				716481A92B0235130020C704 /* Debug */,
				716481AA2B0235130020C704 /* Release */,
			);
			defaultConfigurationIsVisible = 0;
			defaultConfigurationName = Release;
		};
		716481AB2B0235130020C704 /* Build configuration list for PBXNativeTarget "Ratatouille" */ = {
			isa = XCConfigurationList;
			buildConfigurations = (
				716481AC2B0235130020C704 /* Debug */,
				716481AD2B0235130020C704 /* Release */,
			);
			defaultConfigurationIsVisible = 0;
			defaultConfigurationName = Release;
		};
		716481AE2B0235130020C704 /* Build configuration list for PBXNativeTarget "RatatouilleTests" */ = {
			isa = XCConfigurationList;
			buildConfigurations = (
				716481AF2B0235130020C704 /* Debug */,
				716481B02B0235130020C704 /* Release */,
			);
			defaultConfigurationIsVisible = 0;
			defaultConfigurationName = Release;
		};
		716481B12B0235130020C704 /* Build configuration list for PBXNativeTarget "RatatouilleUITests" */ = {
			isa = XCConfigurationList;
			buildConfigurations = (
				716481B22B0235130020C704 /* Debug */,
				716481B32B0235130020C704 /* Release */,
			);
			defaultConfigurationIsVisible = 0;
			defaultConfigurationName = Release;
		};
/* End XCConfigurationList section */

/* Begin XCVersionGroup section */
		716481902B0235130020C704 /* Ratatouille.xcdatamodeld */ = {
			isa = XCVersionGroup;
			children = (
				716481912B0235130020C704 /* Ratatouille.xcdatamodel */,
			);
			currentVersion = 716481912B0235130020C704 /* Ratatouille.xcdatamodel */;
			path = Ratatouille.xcdatamodeld;
			sourceTree = "<group>";
			versionGroupType = wrapper.xcdatamodel;
		};
/* End XCVersionGroup section */
	};
	rootObject = 7164817A2B0235110020C704 /* Project object */;
}
